{
  "name": "Test",
  "lockfileVersion": 3,
  "requires": true,
  "packages": {
    "": {
      "dependencies": {
        "openelectricity": "^0.5.3"
      }
    },
    "node_modules/dayjs": {
      "version": "1.11.13",
      "resolved": "https://registry.npmjs.org/dayjs/-/dayjs-1.11.13.tgz",
      "integrity": "sha512-oaMBel6gjolK862uaPQOVTA7q3TZhuSvuMQAAglQDOWYO9A91IrAOUJEyKVlqJlHE0vq5p5UXxzdPfMH/x6xNg==",
      "license": "MIT"
    },
    "node_modules/openelectricity": {
      "version": "0.5.3",
      "resolved": "https://registry.npmjs.org/openelectricity/-/openelectricity-0.5.3.tgz",
      "integrity": "sha512-LuZ41bh0nmgCxU0SQvh9U4RpTOx8sxhCVpg0DzeEovrJdaRP10JZQ9fojS18+y6Ce95DV7CHJD77iE+6GIEwFw==",
      "license": "MIT",
      "dependencies": {
        "dayjs": "^1.11.13"
      }
    }
  }
}
